
Microsoft Visual Studio Solution File, Format Version 12.00
# Visual Studio Version 16
VisualStudioVersion = 16.0.29709.97
MinimumVisualStudioVersion = 10.0.40219.1
Project("{FAE04EC0-301F-11D3-BF4B-00C04F79EFBC}") = "SalesWebMvc", "SalesWebMvc\SalesWebMvc.csproj", "{6E6ABF69-A033-4658-A717-865A06F690B3}"
EndProject
Global
	GlobalSection(SolutionConfigurationPlatforms) = preSolution
		Debug|Any CPU = Debug|Any CPU
		Release|Any CPU = Release|Any CPU
	EndGlobalSection
	GlobalSection(ProjectConfigurationPlatforms) = postSolution
		{6E6ABF69-A033-4658-A717-865A06F690B3}.Debug|Any CPU.ActiveCfg = Debug|Any CPU
		{6E6ABF69-A033-4658-A717-865A06F690B3}.Debug|Any CPU.Build.0 = Debug|Any CPU
		{6E6ABF69-A033-4658-A717-865A06F690B3}.Release|Any CPU.ActiveCfg = Release|Any CPU
		{6E6ABF69-A033-4658-A717-865A06F690B3}.Release|Any CPU.Build.0 = Release|Any CPU
	EndGlobalSection
	GlobalSection(SolutionProperties) = preSolution
		HideSolutionNode = FALSE
	EndGlobalSection
	GlobalSection(ExtensibilityGlobals) = postSolution
		SolutionGuid = {2645460C-93C7-421A-BDB4-07C329CD4CF8}
	EndGlobalSection
EndGlobal
